
Microsoft Visual Studio Solution File, Format Version 12.00
# Visual Studio Version 17
VisualStudioVersion = 17.13.35919.96
MinimumVisualStudioVersion = 10.0.40219.1
Project("{8BC9CEB8-8B4A-11D0-8D11-00A0C91BC942}") = "program", "program\program.vcxproj", "{C93FDF16-3BDB-4E08-BF44-C90F7BF60DEC}"
EndProject
Project("{8BC9CEB8-8B4A-11D0-8D11-00A0C91BC942}") = "Class1th (Compile)", "Class1th (Compile)\Class1th (Compile).vcxproj", "{525E68BC-159F-4006-8C81-FA97DF639C10}"
EndProject
Project("{8BC9CEB8-8B4A-11D0-8D11-00A0C91BC942}") = "class2th (compile)", "class2th (compile)\class2th (compile).vcxproj", "{F9A0934F-8DC0-4758-A8C1-3D26E8DA0A00}"
EndProject
Global
	GlobalSection(SolutionConfigurationPlatforms) = preSolution
		Debug|x64 = Debug|x64
		Debug|x86 = Debug|x86
		Release|x64 = Release|x64
		Release|x86 = Release|x86
	EndGlobalSection
	GlobalSection(ProjectConfigurationPlatforms) = postSolution
		{C93FDF16-3BDB-4E08-BF44-C90F7BF60DEC}.Debug|x64.ActiveCfg = Debug|x64
		{C93FDF16-3BDB-4E08-BF44-C90F7BF60DEC}.Debug|x64.Build.0 = Debug|x64
		{C93FDF16-3BDB-4E08-BF44-C90F7BF60DEC}.Debug|x86.ActiveCfg = Debug|Win32
		{C93FDF16-3BDB-4E08-BF44-C90F7BF60DEC}.Debug|x86.Build.0 = Debug|Win32
		{C93FDF16-3BDB-4E08-BF44-C90F7BF60DEC}.Release|x64.ActiveCfg = Release|x64
		{C93FDF16-3BDB-4E08-BF44-C90F7BF60DEC}.Release|x64.Build.0 = Release|x64
		{C93FDF16-3BDB-4E08-BF44-C90F7BF60DEC}.Release|x86.ActiveCfg = Release|Win32
		{C93FDF16-3BDB-4E08-BF44-C90F7BF60DEC}.Release|x86.Build.0 = Release|Win32
		{525E68BC-159F-4006-8C81-FA97DF639C10}.Debug|x64.ActiveCfg = Debug|x64
		{525E68BC-159F-4006-8C81-FA97DF639C10}.Debug|x64.Build.0 = Debug|x64
		{525E68BC-159F-4006-8C81-FA97DF639C10}.Debug|x86.ActiveCfg = Debug|Win32
		{525E68BC-159F-4006-8C81-FA97DF639C10}.Debug|x86.Build.0 = Debug|Win32
		{525E68BC-159F-4006-8C81-FA97DF639C10}.Release|x64.ActiveCfg = Release|x64
		{525E68BC-159F-4006-8C81-FA97DF639C10}.Release|x64.Build.0 = Release|x64
		{525E68BC-159F-4006-8C81-FA97DF639C10}.Release|x86.ActiveCfg = Release|Win32
		{525E68BC-159F-4006-8C81-FA97DF639C10}.Release|x86.Build.0 = Release|Win32
		{F9A0934F-8DC0-4758-A8C1-3D26E8DA0A00}.Debug|x64.ActiveCfg = Debug|x64
		{F9A0934F-8DC0-4758-A8C1-3D26E8DA0A00}.Debug|x64.Build.0 = Debug|x64
		{F9A0934F-8DC0-4758-A8C1-3D26E8DA0A00}.Debug|x86.ActiveCfg = Debug|Win32
		{F9A0934F-8DC0-4758-A8C1-3D26E8DA0A00}.Debug|x86.Build.0 = Debug|Win32
		{F9A0934F-8DC0-4758-A8C1-3D26E8DA0A00}.Release|x64.ActiveCfg = Release|x64
		{F9A0934F-8DC0-4758-A8C1-3D26E8DA0A00}.Release|x64.Build.0 = Release|x64
		{F9A0934F-8DC0-4758-A8C1-3D26E8DA0A00}.Release|x86.ActiveCfg = Release|Win32
		{F9A0934F-8DC0-4758-A8C1-3D26E8DA0A00}.Release|x86.Build.0 = Release|Win32
	EndGlobalSection
	GlobalSection(SolutionProperties) = preSolution
		HideSolutionNode = FALSE
	EndGlobalSection
	GlobalSection(ExtensibilityGlobals) = postSolution
		SolutionGuid = {CE43EC86-361F-41D0-BFBA-FF323CE9A278}
	EndGlobalSection
EndGlobal
